
Microsoft Visual Studio Solution File, Format Version 12.00
# Visual Studio Version 17
VisualStudioVersion = 17.6.33815.320
MinimumVisualStudioVersion = 10.0.40219.1
Project("{FAE04EC0-301F-11D3-BF4B-00C04F79EFBC}") = "ToDoApp", "ToDoApp.csproj", "{BE7C92C9-13EA-4CD1-B291-19E99A72FEEA}"
EndProject
Global
	GlobalSection(SolutionConfigurationPlatforms) = preSolution
		Debug|Any CPU = Debug|Any CPU
		Release|Any CPU = Release|Any CPU
	EndGlobalSection
	GlobalSection(ProjectConfigurationPlatforms) = postSolution
		{BE7C92C9-13EA-4CD1-B291-19E99A72FEEA}.Debug|Any CPU.ActiveCfg = Debug|Any CPU
		{BE7C92C9-13EA-4CD1-B291-19E99A72FEEA}.Debug|Any CPU.Build.0 = Debug|Any CPU
		{BE7C92C9-13EA-4CD1-B291-19E99A72FEEA}.Release|Any CPU.ActiveCfg = Release|Any CPU
		{BE7C92C9-13EA-4CD1-B291-19E99A72FEEA}.Release|Any CPU.Build.0 = Release|Any CPU
	EndGlobalSection
	GlobalSection(SolutionProperties) = preSolution
		HideSolutionNode = FALSE
	EndGlobalSection
	GlobalSection(ExtensibilityGlobals) = postSolution
		SolutionGuid = {90D3BBF4-A928-4A89-AA94-80FAA3C771A3}
	EndGlobalSection
EndGlobal
